
Microsoft Visual Studio Solution File, Format Version 12.00
# Visual Studio 15
VisualStudioVersion = 15.0.27703.2026
MinimumVisualStudioVersion = 10.0.40219.1
Project("{8BC9CEB8-8B4A-11D0-8D11-00A0C91BC942}") = "OpenCL_StreamCompaction", "OpenCL_StreamCompaction\OpenCL_StreamCompaction.vcxproj", "{90BCD3A4-26F8-4D5B-93A0-F5043D2BF445}"
EndProject
Global
	GlobalSection(SolutionConfigurationPlatforms) = preSolution
		Debug|x64 = Debug|x64
		Debug|x86 = Debug|x86
		Release|x64 = Release|x64
		Release|x86 = Release|x86
	EndGlobalSection
	GlobalSection(ProjectConfigurationPlatforms) = postSolution
		{90BCD3A4-26F8-4D5B-93A0-F5043D2BF445}.Debug|x64.ActiveCfg = Debug|x64
		{90BCD3A4-26F8-4D5B-93A0-F5043D2BF445}.Debug|x64.Build.0 = Debug|x64
		{90BCD3A4-26F8-4D5B-93A0-F5043D2BF445}.Debug|x86.ActiveCfg = Debug|Win32
		{90BCD3A4-26F8-4D5B-93A0-F5043D2BF445}.Debug|x86.Build.0 = Debug|Win32
		{90BCD3A4-26F8-4D5B-93A0-F5043D2BF445}.Release|x64.ActiveCfg = Release|x64
		{90BCD3A4-26F8-4D5B-93A0-F5043D2BF445}.Release|x64.Build.0 = Release|x64
		{90BCD3A4-26F8-4D5B-93A0-F5043D2BF445}.Release|x86.ActiveCfg = Release|Win32
		{90BCD3A4-26F8-4D5B-93A0-F5043D2BF445}.Release|x86.Build.0 = Release|Win32
	EndGlobalSection
	GlobalSection(SolutionProperties) = preSolution
		HideSolutionNode = FALSE
	EndGlobalSection
	GlobalSection(ExtensibilityGlobals) = postSolution
		SolutionGuid = {1986C7F6-A017-4E66-85BA-E9CF80D94DD0}
	EndGlobalSection
EndGlobal
